{
  "name": "advanced-basketball-stats",
  "version": "1.0.0",
  "lockfileVersion": 1,
  "requires": true,
  "dependencies": {
    "fake-stats-generator": {
      "version": "git+https://github.com/BorjaG90/fake-stats-generator.git#2d734babebe7fdb95d1a58dcf8cd264b56f8b0a8",
      "from": "git+https://github.com/BorjaG90/fake-stats-generator.git#v1.0",
      "dev": true
    }
  }
}
